
Microsoft Visual Studio Solution File, Format Version 12.00
# Visual Studio Version 17
VisualStudioVersion = 17.3.32922.545
MinimumVisualStudioVersion = 10.0.40219.1
Project("{FAE04EC0-301F-11D3-BF4B-00C04F79EFBC}") = "Semana7SQLite.Android", "Semana7SQLite.Android\Semana7SQLite.Android.csproj", "{11BFEAD8-9AA5-47B3-AC3B-E50A461E62C1}"
EndProject
Project("{FAE04EC0-301F-11D3-BF4B-00C04F79EFBC}") = "Semana7SQLite.iOS", "Semana7SQLite.iOS\Semana7SQLite.iOS.csproj", "{860A1A23-538C-4F36-884D-ED1FF32C543A}"
EndProject
Project("{FAE04EC0-301F-11D3-BF4B-00C04F79EFBC}") = "Semana7SQLite", "Semana7SQLite\Semana7SQLite.csproj", "{F31919F0-D9B3-4873-8C51-4BAA69CDA374}"
EndProject
Global
	GlobalSection(SolutionConfigurationPlatforms) = preSolution
		Debug|Any CPU = Debug|Any CPU
		Debug|iPhone = Debug|iPhone
		Debug|iPhoneSimulator = Debug|iPhoneSimulator
		Release|Any CPU = Release|Any CPU
		Release|iPhone = Release|iPhone
		Release|iPhoneSimulator = Release|iPhoneSimulator
	EndGlobalSection
	GlobalSection(ProjectConfigurationPlatforms) = postSolution
		{11BFEAD8-9AA5-47B3-AC3B-E50A461E62C1}.Debug|Any CPU.ActiveCfg = Debug|Any CPU
		{11BFEAD8-9AA5-47B3-AC3B-E50A461E62C1}.Debug|Any CPU.Build.0 = Debug|Any CPU
		{11BFEAD8-9AA5-47B3-AC3B-E50A461E62C1}.Debug|Any CPU.Deploy.0 = Debug|Any CPU
		{11BFEAD8-9AA5-47B3-AC3B-E50A461E62C1}.Debug|iPhone.ActiveCfg = Debug|Any CPU
		{11BFEAD8-9AA5-47B3-AC3B-E50A461E62C1}.Debug|iPhone.Build.0 = Debug|Any CPU
		{11BFEAD8-9AA5-47B3-AC3B-E50A461E62C1}.Debug|iPhone.Deploy.0 = Debug|Any CPU
		{11BFEAD8-9AA5-47B3-AC3B-E50A461E62C1}.Debug|iPhoneSimulator.ActiveCfg = Debug|Any CPU
		{11BFEAD8-9AA5-47B3-AC3B-E50A461E62C1}.Debug|iPhoneSimulator.Build.0 = Debug|Any CPU
		{11BFEAD8-9AA5-47B3-AC3B-E50A461E62C1}.Debug|iPhoneSimulator.Deploy.0 = Debug|Any CPU
		{11BFEAD8-9AA5-47B3-AC3B-E50A461E62C1}.Release|Any CPU.ActiveCfg = Release|Any CPU
		{11BFEAD8-9AA5-47B3-AC3B-E50A461E62C1}.Release|Any CPU.Build.0 = Release|Any CPU
		{11BFEAD8-9AA5-47B3-AC3B-E50A461E62C1}.Release|Any CPU.Deploy.0 = Release|Any CPU
		{11BFEAD8-9AA5-47B3-AC3B-E50A461E62C1}.Release|iPhone.ActiveCfg = Release|Any CPU
		{11BFEAD8-9AA5-47B3-AC3B-E50A461E62C1}.Release|iPhone.Build.0 = Release|Any CPU
		{11BFEAD8-9AA5-47B3-AC3B-E50A461E62C1}.Release|iPhone.Deploy.0 = Release|Any CPU
		{11BFEAD8-9AA5-47B3-AC3B-E50A461E62C1}.Release|iPhoneSimulator.ActiveCfg = Release|Any CPU
		{11BFEAD8-9AA5-47B3-AC3B-E50A461E62C1}.Release|iPhoneSimulator.Build.0 = Release|Any CPU
		{11BFEAD8-9AA5-47B3-AC3B-E50A461E62C1}.Release|iPhoneSimulator.Deploy.0 = Release|Any CPU
		{860A1A23-538C-4F36-884D-ED1FF32C543A}.Debug|Any CPU.ActiveCfg = Debug|iPhone
		{860A1A23-538C-4F36-884D-ED1FF32C543A}.Debug|Any CPU.Build.0 = Debug|iPhone
		{860A1A23-538C-4F36-884D-ED1FF32C543A}.Debug|Any CPU.Deploy.0 = Debug|iPhone
		{860A1A23-538C-4F36-884D-ED1FF32C543A}.Debug|iPhone.ActiveCfg = Debug|iPhone
		{860A1A23-538C-4F36-884D-ED1FF32C543A}.Debug|iPhone.Build.0 = Debug|iPhone
		{860A1A23-538C-4F36-884D-ED1FF32C543A}.Debug|iPhone.Deploy.0 = Debug|iPhone
		{860A1A23-538C-4F36-884D-ED1FF32C543A}.Debug|iPhoneSimulator.ActiveCfg = Debug|iPhoneSimulator
		{860A1A23-538C-4F36-884D-ED1FF32C543A}.Debug|iPhoneSimulator.Build.0 = Debug|iPhoneSimulator
		{860A1A23-538C-4F36-884D-ED1FF32C543A}.Debug|iPhoneSimulator.Deploy.0 = Debug|iPhoneSimulator
		{860A1A23-538C-4F36-884D-ED1FF32C543A}.Release|Any CPU.ActiveCfg = Release|iPhoneSimulator
		{860A1A23-538C-4F36-884D-ED1FF32C543A}.Release|Any CPU.Build.0 = Release|iPhoneSimulator
		{860A1A23-538C-4F36-884D-ED1FF32C543A}.Release|Any CPU.Deploy.0 = Release|iPhoneSimulator
		{860A1A23-538C-4F36-884D-ED1FF32C543A}.Release|iPhone.ActiveCfg = Release|iPhone
		{860A1A23-538C-4F36-884D-ED1FF32C543A}.Release|iPhone.Build.0 = Release|iPhone
		{860A1A23-538C-4F36-884D-ED1FF32C543A}.Release|iPhone.Deploy.0 = Release|iPhone
		{860A1A23-538C-4F36-884D-ED1FF32C543A}.Release|iPhoneSimulator.ActiveCfg = Release|iPhoneSimulator
		{860A1A23-538C-4F36-884D-ED1FF32C543A}.Release|iPhoneSimulator.Build.0 = Release|iPhoneSimulator
		{860A1A23-538C-4F36-884D-ED1FF32C543A}.Release|iPhoneSimulator.Deploy.0 = Release|iPhoneSimulator
		{F31919F0-D9B3-4873-8C51-4BAA69CDA374}.Debug|Any CPU.ActiveCfg = Debug|Any CPU
		{F31919F0-D9B3-4873-8C51-4BAA69CDA374}.Debug|Any CPU.Build.0 = Debug|Any CPU
		{F31919F0-D9B3-4873-8C51-4BAA69CDA374}.Debug|Any CPU.Deploy.0 = Debug|Any CPU
		{F31919F0-D9B3-4873-8C51-4BAA69CDA374}.Debug|iPhone.ActiveCfg = Debug|Any CPU
		{F31919F0-D9B3-4873-8C51-4BAA69CDA374}.Debug|iPhone.Build.0 = Debug|Any CPU
		{F31919F0-D9B3-4873-8C51-4BAA69CDA374}.Debug|iPhone.Deploy.0 = Debug|Any CPU
		{F31919F0-D9B3-4873-8C51-4BAA69CDA374}.Debug|iPhoneSimulator.ActiveCfg = Debug|Any CPU
		{F31919F0-D9B3-4873-8C51-4BAA69CDA374}.Debug|iPhoneSimulator.Build.0 = Debug|Any CPU
		{F31919F0-D9B3-4873-8C51-4BAA69CDA374}.Debug|iPhoneSimulator.Deploy.0 = Debug|Any CPU
		{F31919F0-D9B3-4873-8C51-4BAA69CDA374}.Release|Any CPU.ActiveCfg = Release|Any CPU
		{F31919F0-D9B3-4873-8C51-4BAA69CDA374}.Release|Any CPU.Build.0 = Release|Any CPU
		{F31919F0-D9B3-4873-8C51-4BAA69CDA374}.Release|Any CPU.Deploy.0 = Release|Any CPU
		{F31919F0-D9B3-4873-8C51-4BAA69CDA374}.Release|iPhone.ActiveCfg = Release|Any CPU
		{F31919F0-D9B3-4873-8C51-4BAA69CDA374}.Release|iPhone.Build.0 = Release|Any CPU
		{F31919F0-D9B3-4873-8C51-4BAA69CDA374}.Release|iPhone.Deploy.0 = Release|Any CPU
		{F31919F0-D9B3-4873-8C51-4BAA69CDA374}.Release|iPhoneSimulator.ActiveCfg = Release|Any CPU
		{F31919F0-D9B3-4873-8C51-4BAA69CDA374}.Release|iPhoneSimulator.Build.0 = Release|Any CPU
		{F31919F0-D9B3-4873-8C51-4BAA69CDA374}.Release|iPhoneSimulator.Deploy.0 = Release|Any CPU
	EndGlobalSection
	GlobalSection(SolutionProperties) = preSolution
		HideSolutionNode = FALSE
	EndGlobalSection
	GlobalSection(ExtensibilityGlobals) = postSolution
		SolutionGuid = {EEAEB231-BC00-4813-8C3D-37446B7E69D0}
	EndGlobalSection
EndGlobal
